// !$*UTF8*$!
{
	archiveVersion = 1;
	classes = {
	};
	objectVersion = 50;
	objects = {

/* Begin PBXBuildFile section */
		AD1A960E23B483F2005DDBFB /* AppDelegate.swift in Sources */ = {isa = PBXBuildFile; fileRef = AD1A960D23B483F2005DDBFB /* AppDelegate.swift */; };
		AD1A961023B483F2005DDBFB /* SceneDelegate.swift in Sources */ = {isa = PBXBuildFile; fileRef = AD1A960F23B483F2005DDBFB /* SceneDelegate.swift */; };
		AD1A961223B483F2005DDBFB /* SignUpView.swift in Sources */ = {isa = PBXBuildFile; fileRef = AD1A961123B483F2005DDBFB /* SignUpView.swift */; };
		AD1A961423B483F4005DDBFB /* Assets.xcassets in Resources */ = {isa = PBXBuildFile; fileRef = AD1A961323B483F4005DDBFB /* Assets.xcassets */; };
		AD1A961723B483F4005DDBFB /* Preview Assets.xcassets in Resources */ = {isa = PBXBuildFile; fileRef = AD1A961623B483F4005DDBFB /* Preview Assets.xcassets */; };
		AD1A961A23B483F4005DDBFB /* LaunchScreen.storyboard in Resources */ = {isa = PBXBuildFile; fileRef = AD1A961823B483F4005DDBFB /* LaunchScreen.storyboard */; };
		AD1A962323B484B8005DDBFB /* ColorCodes.swift in Sources */ = {isa = PBXBuildFile; fileRef = AD1A962223B484B8005DDBFB /* ColorCodes.swift */; };
/* End PBXBuildFile section */

/* Begin PBXFileReference section */
		AD1A960A23B483F2005DDBFB /* SignUpSwiftUI.app */ = {isa = PBXFileReference; explicitFileType = wrapper.application; includeInIndex = 0; path = SignUpSwiftUI.app; sourceTree = BUILT_PRODUCTS_DIR; };
		AD1A960D23B483F2005DDBFB /* AppDelegate.swift */ = {isa = PBXFileReference; lastKnownFileType = sourcecode.swift; path = AppDelegate.swift; sourceTree = "<group>"; };
		AD1A960F23B483F2005DDBFB /* SceneDelegate.swift */ = {isa = PBXFileReference; lastKnownFileType = sourcecode.swift; path = SceneDelegate.swift; sourceTree = "<group>"; };
		AD1A961123B483F2005DDBFB /* SignUpView.swift */ = {isa = PBXFileReference; lastKnownFileType = sourcecode.swift; path = SignUpView.swift; sourceTree = "<group>"; };
		AD1A961323B483F4005DDBFB /* Assets.xcassets */ = {isa = PBXFileReference; lastKnownFileType = folder.assetcatalog; path = Assets.xcassets; sourceTree = "<group>"; };
		AD1A961623B483F4005DDBFB /* Preview Assets.xcassets */ = {isa = PBXFileReference; lastKnownFileType = folder.assetcatalog; path = "Preview Assets.xcassets"; sourceTree = "<group>"; };
		AD1A961923B483F4005DDBFB /* Base */ = {isa = PBXFileReference; lastKnownFileType = file.storyboard; name = Base; path = Base.lproj/LaunchScreen.storyboard; sourceTree = "<group>"; };
		AD1A961B23B483F4005DDBFB /* Info.plist */ = {isa = PBXFileReference; lastKnownFileType = text.plist.xml; path = Info.plist; sourceTree = "<group>"; };
		AD1A962223B484B8005DDBFB /* ColorCodes.swift */ = {isa = PBXFileReference; lastKnownFileType = sourcecode.swift; path = ColorCodes.swift; sourceTree = "<group>"; };
/* End PBXFileReference section */

/* Begin PBXFrameworksBuildPhase section */
		AD1A960723B483F2005DDBFB /* Frameworks */ = {
			isa = PBXFrameworksBuildPhase;
			buildActionMask = 2147483647;
			files = (
			);
			runOnlyForDeploymentPostprocessing = 0;
		};
/* End PBXFrameworksBuildPhase section */

/* Begin PBXGroup section */
		AD1A960123B483F2005DDBFB = {
			isa = PBXGroup;
			children = (
				AD1A962123B4849F005DDBFB /* Models */,
				AD1A960C23B483F2005DDBFB /* SignUpSwiftUI */,
				AD1A960B23B483F2005DDBFB /* Products */,
			);
			sourceTree = "<group>";
		};
		AD1A960B23B483F2005DDBFB /* Products */ = {
			isa = PBXGroup;
			children = (
				AD1A960A23B483F2005DDBFB /* SignUpSwiftUI.app */,
			);
			name = Products;
			sourceTree = "<group>";
		};
		AD1A960C23B483F2005DDBFB /* SignUpSwiftUI */ = {
			isa = PBXGroup;
			children = (
				AD1A960D23B483F2005DDBFB /* AppDelegate.swift */,
				AD1A960F23B483F2005DDBFB /* SceneDelegate.swift */,
				AD1A961123B483F2005DDBFB /* SignUpView.swift */,
				AD1A961323B483F4005DDBFB /* Assets.xcassets */,
				AD1A961823B483F4005DDBFB /* LaunchScreen.storyboard */,
				AD1A961B23B483F4005DDBFB /* Info.plist */,
				AD1A961523B483F4005DDBFB /* Preview Content */,
			);
			path = SignUpSwiftUI;
			sourceTree = "<group>";
		};
		AD1A961523B483F4005DDBFB /* Preview Content */ = {
			isa = PBXGroup;
			children = (
				AD1A961623B483F4005DDBFB /* Preview Assets.xcassets */,
			);
			path = "Preview Content";
			sourceTree = "<group>";
		};
		AD1A962123B4849F005DDBFB /* Models */ = {
			isa = PBXGroup;
			children = (
				AD1A962223B484B8005DDBFB /* ColorCodes.swift */,
			);
			path = Models;
			sourceTree = "<group>";
		};
/* End PBXGroup section */

/* Begin PBXNativeTarget section */
		AD1A960923B483F2005DDBFB /* SignUpSwiftUI */ = {
			isa = PBXNativeTarget;
			buildConfigurationList = AD1A961E23B483F4005DDBFB /* Build configuration list for PBXNativeTarget "SignUpSwiftUI" */;
			buildPhases = (
				AD1A960623B483F2005DDBFB /* Sources */,
				AD1A960723B483F2005DDBFB /* Frameworks */,
				AD1A960823B483F2005DDBFB /* Resources */,
			);
			buildRules = (
			);
			dependencies = (
			);
			name = SignUpSwiftUI;
			productName = SignUpSwiftUI;
			productReference = AD1A960A23B483F2005DDBFB /* SignUpSwiftUI.app */;
			productType = "com.apple.product-type.application";
		};
/* End PBXNativeTarget section */

/* Begin PBXProject section */
		AD1A960223B483F2005DDBFB /* Project object */ = {
			isa = PBXProject;
			attributes = {
				LastSwiftUpdateCheck = 1130;
				LastUpgradeCheck = 1130;
				ORGANIZATIONNAME = BaraLabs;
				TargetAttributes = {
					AD1A960923B483F2005DDBFB = {
						CreatedOnToolsVersion = 11.3;
					};
				};
			};
			buildConfigurationList = AD1A960523B483F2005DDBFB /* Build configuration list for PBXProject "SignUpSwiftUI" */;
			compatibilityVersion = "Xcode 9.3";
			developmentRegion = en;
			hasScannedForEncodings = 0;
			knownRegions = (
				en,
				Base,
			);
			mainGroup = AD1A960123B483F2005DDBFB;
			productRefGroup = AD1A960B23B483F2005DDBFB /* Products */;
			projectDirPath = "";
			projectRoot = "";
			targets = (
				AD1A960923B483F2005DDBFB /* SignUpSwiftUI */,
			);
		};
/* End PBXProject section */

/* Begin PBXResourcesBuildPhase section */
		AD1A960823B483F2005DDBFB /* Resources */ = {
			isa = PBXResourcesBuildPhase;
			buildActionMask = 2147483647;
			files = (
				AD1A961A23B483F4005DDBFB /* LaunchScreen.storyboard in Resources */,
				AD1A961723B483F4005DDBFB /* Preview Assets.xcassets in Resources */,
				AD1A961423B483F4005DDBFB /* Assets.xcassets in Resources */,
			);
			runOnlyForDeploymentPostprocessing = 0;
		};
/* End PBXResourcesBuildPhase section */

/* Begin PBXSourcesBuildPhase section */
		AD1A960623B483F2005DDBFB /* Sources */ = {
			isa = PBXSourcesBuildPhase;
			buildActionMask = 2147483647;
			files = (
				AD1A962323B484B8005DDBFB /* ColorCodes.swift in Sources */,
				AD1A960E23B483F2005DDBFB /* AppDelegate.swift in Sources */,
				AD1A961023B483F2005DDBFB /* SceneDelegate.swift in Sources */,
				AD1A961223B483F2005DDBFB /* SignUpView.swift in Sources */,
			);
			runOnlyForDeploymentPostprocessing = 0;
		};
/* End PBXSourcesBuildPhase section */

/* Begin PBXVariantGroup section */
		AD1A961823B483F4005DDBFB /* LaunchScreen.storyboard */ = {
			isa = PBXVariantGroup;
			children = (
				AD1A961923B483F4005DDBFB /* Base */,
			);
			name = LaunchScreen.storyboard;
			sourceTree = "<group>";
		};
/* End PBXVariantGroup section */

/* Begin XCBuildConfiguration section */
		AD1A961C23B483F4005DDBFB /* Debug */ = {
			isa = XCBuildConfiguration;
			buildSettings = {
				ALWAYS_SEARCH_USER_PATHS = NO;
				CLANG_ANALYZER_NONNULL = YES;
				CLANG_ANALYZER_NUMBER_OBJECT_CONVERSION = YES_AGGRESSIVE;
				CLANG_CXX_LANGUAGE_STANDARD = "gnu++14";
				CLANG_CXX_LIBRARY = "libc++";
				CLANG_ENABLE_MODULES = YES;
				CLANG_ENABLE_OBJC_ARC = YES;
				CLANG_ENABLE_OBJC_WEAK = YES;
				CLANG_WARN_BLOCK_CAPTURE_AUTORELEASING = YES;
				CLANG_WARN_BOOL_CONVERSION = YES;
				CLANG_WARN_COMMA = YES;
				CLANG_WARN_CONSTANT_CONVERSION = YES;
				CLANG_WARN_DEPRECATED_OBJC_IMPLEMENTATIONS = YES;
				CLANG_WARN_DIRECT_OBJC_ISA_USAGE = YES_ERROR;
				CLANG_WARN_DOCUMENTATION_COMMENTS = YES;
				CLANG_WARN_EMPTY_BODY = YES;
				CLANG_WARN_ENUM_CONVERSION = YES;
				CLANG_WARN_INFINITE_RECURSION = YES;
				CLANG_WARN_INT_CONVERSION = YES;
				CLANG_WARN_NON_LITERAL_NULL_CONVERSION = YES;
				CLANG_WARN_OBJC_IMPLICIT_RETAIN_SELF = YES;
				CLANG_WARN_OBJC_LITERAL_CONVERSION = YES;
				CLANG_WARN_OBJC_ROOT_CLASS = YES_ERROR;
				CLANG_WARN_RANGE_LOOP_ANALYSIS = YES;
				CLANG_WARN_STRICT_PROTOTYPES = YES;
				CLANG_WARN_SUSPICIOUS_MOVE = YES;
				CLANG_WARN_UNGUARDED_AVAILABILITY = YES_AGGRESSIVE;
				CLANG_WARN_UNREACHABLE_CODE = YES;
				CLANG_WARN__DUPLICATE_METHOD_MATCH = YES;
				COPY_PHASE_STRIP = NO;
				DEBUG_INFORMATION_FORMAT = dwarf;
				ENABLE_STRICT_OBJC_MSGSEND = YES;
				ENABLE_TESTABILITY = YES;
				GCC_C_LANGUAGE_STANDARD = gnu11;
				GCC_DYNAMIC_NO_PIC = NO;
				GCC_NO_COMMON_BLOCKS = YES;
				GCC_OPTIMIZATION_LEVEL = 0;
				GCC_PREPROCESSOR_DEFINITIONS = (
					"DEBUG=1",
					"$(inherited)",
				);
				GCC_WARN_64_TO_32_BIT_CONVERSION = YES;
				GCC_WARN_ABOUT_RETURN_TYPE = YES_ERROR;
				GCC_WARN_UNDECLARED_SELECTOR = YES;
				GCC_WARN_UNINITIALIZED_AUTOS = YES_AGGRESSIVE;
				GCC_WARN_UNUSED_FUNCTION = YES;
				GCC_WARN_UNUSED_VARIABLE = YES;
				IPHONEOS_DEPLOYMENT_TARGET = 13.2;
				MTL_ENABLE_DEBUG_INFO = INCLUDE_SOURCE;
				MTL_FAST_MATH = YES;
				ONLY_ACTIVE_ARCH = YES;
				SDKROOT = iphoneos;
				SWIFT_ACTIVE_COMPILATION_CONDITIONS = DEBUG;
				SWIFT_OPTIMIZATION_LEVEL = "-Onone";
			};
			name = Debug;
		};
		AD1A961D23B483F4005DDBFB /* Release */ = {
			isa = XCBuildConfiguration;
			buildSettings = {
				ALWAYS_SEARCH_USER_PATHS = NO;
				CLANG_ANALYZER_NONNULL = YES;
				CLANG_ANALYZER_NUMBER_OBJECT_CONVERSION = YES_AGGRESSIVE;
				CLANG_CXX_LANGUAGE_STANDARD = "gnu++14";
				CLANG_CXX_LIBRARY = "libc++";
				CLANG_ENABLE_MODULES = YES;
				CLANG_ENABLE_OBJC_ARC = YES;
				CLANG_ENABLE_OBJC_WEAK = YES;
				CLANG_WARN_BLOCK_CAPTURE_AUTORELEASING = YES;
				CLANG_WARN_BOOL_CONVERSION = YES;
				CLANG_WARN_COMMA = YES;
				CLANG_WARN_CONSTANT_CONVERSION = YES;
				CLANG_WARN_DEPRECATED_OBJC_IMPLEMENTATIONS = YES;
				CLANG_WARN_DIRECT_OBJC_ISA_USAGE = YES_ERROR;
				CLANG_WARN_DOCUMENTATION_COMMENTS = YES;
				CLANG_WARN_EMPTY_BODY = YES;
				CLANG_WARN_ENUM_CONVERSION = YES;
				CLANG_WARN_INFINITE_RECURSION = YES;
				CLANG_WARN_INT_CONVERSION = YES;
				CLANG_WARN_NON_LITERAL_NULL_CONVERSION = YES;
				CLANG_WARN_OBJC_IMPLICIT_RETAIN_SELF = YES;
				CLANG_WARN_OBJC_LITERAL_CONVERSION = YES;
				CLANG_WARN_OBJC_ROOT_CLASS = YES_ERROR;
				CLANG_WARN_RANGE_LOOP_ANALYSIS = YES;
				CLANG_WARN_STRICT_PROTOTYPES = YES;
				CLANG_WARN_SUSPICIOUS_MOVE = YES;
				CLANG_WARN_UNGUARDED_AVAILABILITY = YES_AGGRESSIVE;
				CLANG_WARN_UNREACHABLE_CODE = YES;
				CLANG_WARN__DUPLICATE_METHOD_MATCH = YES;
				COPY_PHASE_STRIP = NO;
				DEBUG_INFORMATION_FORMAT = "dwarf-with-dsym";
				ENABLE_NS_ASSERTIONS = NO;
				ENABLE_STRICT_OBJC_MSGSEND = YES;
				GCC_C_LANGUAGE_STANDARD = gnu11;
				GCC_NO_COMMON_BLOCKS = YES;
				GCC_WARN_64_TO_32_BIT_CONVERSION = YES;
				GCC_WARN_ABOUT_RETURN_TYPE = YES_ERROR;
				GCC_WARN_UNDECLARED_SELECTOR = YES;
				GCC_WARN_UNINITIALIZED_AUTOS = YES_AGGRESSIVE;
				GCC_WARN_UNUSED_FUNCTION = YES;
				GCC_WARN_UNUSED_VARIABLE = YES;
				IPHONEOS_DEPLOYMENT_TARGET = 13.2;
				MTL_ENABLE_DEBUG_INFO = NO;
				MTL_FAST_MATH = YES;
				SDKROOT = iphoneos;
				SWIFT_COMPILATION_MODE = wholemodule;
				SWIFT_OPTIMIZATION_LEVEL = "-O";
				VALIDATE_PRODUCT = YES;
			};
			name = Release;
		};
		AD1A961F23B483F4005DDBFB /* Debug */ = {
			isa = XCBuildConfiguration;
			buildSettings = {
				ASSETCATALOG_COMPILER_APPICON_NAME = AppIcon;
				CODE_SIGN_STYLE = Automatic;
				DEVELOPMENT_ASSET_PATHS = "\"SignUpSwiftUI/Preview Content\"";
				DEVELOPMENT_TEAM = CF655ESNGC;
				ENABLE_PREVIEWS = YES;
				INFOPLIST_FILE = SignUpSwiftUI/Info.plist;
				LD_RUNPATH_SEARCH_PATHS = (
					"$(inherited)",
					"@executable_path/Frameworks",
				);
				PRODUCT_BUNDLE_IDENTIFIER = com.baralabs.SignUpSwiftUI;
				PRODUCT_NAME = "$(TARGET_NAME)";
				SWIFT_VERSION = 5.0;
				TARGETED_DEVICE_FAMILY = "1,2";
			};
			name = Debug;
		};
		AD1A962023B483F4005DDBFB /* Release */ = {
			isa = XCBuildConfiguration;
			buildSettings = {
				ASSETCATALOG_COMPILER_APPICON_NAME = AppIcon;
				CODE_SIGN_STYLE = Automatic;
				DEVELOPMENT_ASSET_PATHS = "\"SignUpSwiftUI/Preview Content\"";
				DEVELOPMENT_TEAM = CF655ESNGC;
				ENABLE_PREVIEWS = YES;
				INFOPLIST_FILE = SignUpSwiftUI/Info.plist;
				LD_RUNPATH_SEARCH_PATHS = (
					"$(inherited)",
					"@executable_path/Frameworks",
				);
				PRODUCT_BUNDLE_IDENTIFIER = com.baralabs.SignUpSwiftUI;
				PRODUCT_NAME = "$(TARGET_NAME)";
				SWIFT_VERSION = 5.0;
				TARGETED_DEVICE_FAMILY = "1,2";
			};
			name = Release;
		};
/* End XCBuildConfiguration section */

/* Begin XCConfigurationList section */
		AD1A960523B483F2005DDBFB /* Build configuration list for PBXProject "SignUpSwiftUI" */ = {
			isa = XCConfigurationList;
			buildConfigurations = (
				AD1A961C23B483F4005DDBFB /* Debug */,
				AD1A961D23B483F4005DDBFB /* Release */,
			);
			defaultConfigurationIsVisible = 0;
			defaultConfigurationName = Release;
		};
		AD1A961E23B483F4005DDBFB /* Build configuration list for PBXNativeTarget "SignUpSwiftUI" */ = {
			isa = XCConfigurationList;
			buildConfigurations = (
				AD1A961F23B483F4005DDBFB /* Debug */,
				AD1A962023B483F4005DDBFB /* Release */,
			);
			defaultConfigurationIsVisible = 0;
			defaultConfigurationName = Release;
		};
/* End XCConfigurationList section */
	};
	rootObject = AD1A960223B483F2005DDBFB /* Project object */;
}
